<Solution>
  <Configurations>
    <Platform Name="x64" />
    <Platform Name="x86" />
  </Configurations>
  <Folder Name="/WarmingUp/">
    <Project Path="Project1/Project1.vcxproj" Id="46eb352b-f7d4-4192-989c-e7898e320833" />
    <Project Path="Project2/Project2.vcxproj" Id="eb39ee68-212c-4aba-bc9e-2f648d9614c1" />
    <Project Path="Project3/Project3.vcxproj" Id="b02ba8ae-a82c-4903-888d-b048777c4bbd" />
    <Project Path="Project4/Project4.vcxproj" Id="309709bf-2a87-42b9-a8bc-f908af6a6527" />
  </Folder>
</Solution>
