<Solution>
  <Configurations>
    <Platform Name="x64" />
    <Platform Name="x86" />
  </Configurations>
  <Folder Name="/WarmingUp/">
    <Project Path="WarmingUp/WarmingUp1/WarmingUp1.vcxproj" Id="46eb352b-f7d4-4192-989c-e7898e320833" />
    <Project Path="WarmingUp/WarmingUp2/WarmingUp2.vcxproj" Id="eb39ee68-212c-4aba-bc9e-2f648d9614c1" />
    <Project Path="WarmingUp/WarmingUp3/WarmingUp3.vcxproj" Id="b02ba8ae-a82c-4903-888d-b048777c4bbd" />
    <Project Path="WarmingUp/WarmingUp4/WarmingUp4.vcxproj" Id="309709bf-2a87-42b9-a8bc-f908af6a6527" />
    <Project Path="WarmingUp/WarmingUp5/WarmingUp5.vcxproj" Id="9533956e-fd5f-4b54-aa4c-d60690771234" />
    <Project Path="WarmingUp/WarmingUp6/WarmingUp6.vcxproj" Id="da9813a1-353f-4de6-a873-a0b53b7326cb">
      <Platform Project="x64" />
    </Project>
  </Folder>
</Solution>
